// !$*UTF8*$!
{
	archiveVersion = 1;
	classes = {
	};
	objectVersion = 48;
	objects = {

/* Begin PBXBuildFile section */
		7A4061CC1FAD094C005597DE /* AppDelegate.swift in Sources */ = {isa = PBXBuildFile; fileRef = 7A4061CB1FAD094C005597DE /* AppDelegate.swift */; };
		7A4061CE1FAD094C005597DE /* ViewController.swift in Sources */ = {isa = PBXBuildFile; fileRef = 7A4061CD1FAD094C005597DE /* ViewController.swift */; };
		7A4061D11FAD094C005597DE /* Main.storyboard in Resources */ = {isa = PBXBuildFile; fileRef = 7A4061CF1FAD094C005597DE /* Main.storyboard */; };
		7A4061D31FAD094C005597DE /* Assets.xcassets in Resources */ = {isa = PBXBuildFile; fileRef = 7A4061D21FAD094C005597DE /* Assets.xcassets */; };
		7A4061D61FAD094C005597DE /* LaunchScreen.storyboard in Resources */ = {isa = PBXBuildFile; fileRef = 7A4061D41FAD094C005597DE /* LaunchScreen.storyboard */; };
		7A4061E11FAD094D005597DE /* Tree_of_Life_ChurchTests.swift in Sources */ = {isa = PBXBuildFile; fileRef = 7A4061E01FAD094D005597DE /* Tree_of_Life_ChurchTests.swift */; };
		7A4061EC1FAD094D005597DE /* Tree_of_Life_ChurchUITests.swift in Sources */ = {isa = PBXBuildFile; fileRef = 7A4061EB1FAD094D005597DE /* Tree_of_Life_ChurchUITests.swift */; };
/* End PBXBuildFile section */

/* Begin PBXContainerItemProxy section */
		7A4061DD1FAD094D005597DE /* PBXContainerItemProxy */ = {
			isa = PBXContainerItemProxy;
			containerPortal = 7A4061C01FAD094C005597DE /* Project object */;
			proxyType = 1;
			remoteGlobalIDString = 7A4061C71FAD094C005597DE;
			remoteInfo = "Tree of Life Church";
		};
		7A4061E81FAD094D005597DE /* PBXContainerItemProxy */ = {
			isa = PBXContainerItemProxy;
			containerPortal = 7A4061C01FAD094C005597DE /* Project object */;
			proxyType = 1;
			remoteGlobalIDString = 7A4061C71FAD094C005597DE;
			remoteInfo = "Tree of Life Church";
		};
/* End PBXContainerItemProxy section */

/* Begin PBXFileReference section */
		7A4061C81FAD094C005597DE /* Tree of Life Church.app */ = {isa = PBXFileReference; explicitFileType = wrapper.application; includeInIndex = 0; path = "Tree of Life Church.app"; sourceTree = BUILT_PRODUCTS_DIR; };
		7A4061CB1FAD094C005597DE /* AppDelegate.swift */ = {isa = PBXFileReference; lastKnownFileType = sourcecode.swift; path = AppDelegate.swift; sourceTree = "<group>"; };
		7A4061CD1FAD094C005597DE /* ViewController.swift */ = {isa = PBXFileReference; lastKnownFileType = sourcecode.swift; path = ViewController.swift; sourceTree = "<group>"; };
		7A4061D01FAD094C005597DE /* Base */ = {isa = PBXFileReference; lastKnownFileType = file.storyboard; name = Base; path = Base.lproj/Main.storyboard; sourceTree = "<group>"; };
		7A4061D21FAD094C005597DE /* Assets.xcassets */ = {isa = PBXFileReference; lastKnownFileType = folder.assetcatalog; path = Assets.xcassets; sourceTree = "<group>"; };
		7A4061D51FAD094C005597DE /* Base */ = {isa = PBXFileReference; lastKnownFileType = file.storyboard; name = Base; path = Base.lproj/LaunchScreen.storyboard; sourceTree = "<group>"; };
		7A4061D71FAD094C005597DE /* Info.plist */ = {isa = PBXFileReference; lastKnownFileType = text.plist.xml; path = Info.plist; sourceTree = "<group>"; };
		7A4061DC1FAD094D005597DE /* Tree of Life ChurchTests.xctest */ = {isa = PBXFileReference; explicitFileType = wrapper.cfbundle; includeInIndex = 0; path = "Tree of Life ChurchTests.xctest"; sourceTree = BUILT_PRODUCTS_DIR; };
		7A4061E01FAD094D005597DE /* Tree_of_Life_ChurchTests.swift */ = {isa = PBXFileReference; lastKnownFileType = sourcecode.swift; path = Tree_of_Life_ChurchTests.swift; sourceTree = "<group>"; };
		7A4061E21FAD094D005597DE /* Info.plist */ = {isa = PBXFileReference; lastKnownFileType = text.plist.xml; path = Info.plist; sourceTree = "<group>"; };
		7A4061E71FAD094D005597DE /* Tree of Life ChurchUITests.xctest */ = {isa = PBXFileReference; explicitFileType = wrapper.cfbundle; includeInIndex = 0; path = "Tree of Life ChurchUITests.xctest"; sourceTree = BUILT_PRODUCTS_DIR; };
		7A4061EB1FAD094D005597DE /* Tree_of_Life_ChurchUITests.swift */ = {isa = PBXFileReference; lastKnownFileType = sourcecode.swift; path = Tree_of_Life_ChurchUITests.swift; sourceTree = "<group>"; };
		7A4061ED1FAD094D005597DE /* Info.plist */ = {isa = PBXFileReference; lastKnownFileType = text.plist.xml; path = Info.plist; sourceTree = "<group>"; };
/* End PBXFileReference section */

/* Begin PBXFrameworksBuildPhase section */
		7A4061C51FAD094C005597DE /* Frameworks */ = {
			isa = PBXFrameworksBuildPhase;
			buildActionMask = 2147483647;
			files = (
			);
			runOnlyForDeploymentPostprocessing = 0;
		};
		7A4061D91FAD094D005597DE /* Frameworks */ = {
			isa = PBXFrameworksBuildPhase;
			buildActionMask = 2147483647;
			files = (
			);
			runOnlyForDeploymentPostprocessing = 0;
		};
		7A4061E41FAD094D005597DE /* Frameworks */ = {
			isa = PBXFrameworksBuildPhase;
			buildActionMask = 2147483647;
			files = (
			);
			runOnlyForDeploymentPostprocessing = 0;
		};
/* End PBXFrameworksBuildPhase section */

/* Begin PBXGroup section */
		7A4061BF1FAD094C005597DE = {
			isa = PBXGroup;
			children = (
				7A4061CA1FAD094C005597DE /* Tree of Life Church */,
				7A4061DF1FAD094D005597DE /* Tree of Life ChurchTests */,
				7A4061EA1FAD094D005597DE /* Tree of Life ChurchUITests */,
				7A4061C91FAD094C005597DE /* Products */,
			);
			sourceTree = "<group>";
		};
		7A4061C91FAD094C005597DE /* Products */ = {
			isa = PBXGroup;
			children = (
				7A4061C81FAD094C005597DE /* Tree of Life Church.app */,
				7A4061DC1FAD094D005597DE /* Tree of Life ChurchTests.xctest */,
				7A4061E71FAD094D005597DE /* Tree of Life ChurchUITests.xctest */,
			);
			name = Products;
			sourceTree = "<group>";
		};
		7A4061CA1FAD094C005597DE /* Tree of Life Church */ = {
			isa = PBXGroup;
			children = (
				7A4061CB1FAD094C005597DE /* AppDelegate.swift */,
				7A4061CD1FAD094C005597DE /* ViewController.swift */,
				7A4061CF1FAD094C005597DE /* Main.storyboard */,
				7A4061D21FAD094C005597DE /* Assets.xcassets */,
				7A4061D41FAD094C005597DE /* LaunchScreen.storyboard */,
				7A4061D71FAD094C005597DE /* Info.plist */,
			);
			path = "Tree of Life Church";
			sourceTree = "<group>";
		};
		7A4061DF1FAD094D005597DE /* Tree of Life ChurchTests */ = {
			isa = PBXGroup;
			children = (
				7A4061E01FAD094D005597DE /* Tree_of_Life_ChurchTests.swift */,
				7A4061E21FAD094D005597DE /* Info.plist */,
			);
			path = "Tree of Life ChurchTests";
			sourceTree = "<group>";
		};
		7A4061EA1FAD094D005597DE /* Tree of Life ChurchUITests */ = {
			isa = PBXGroup;
			children = (
				7A4061EB1FAD094D005597DE /* Tree_of_Life_ChurchUITests.swift */,
				7A4061ED1FAD094D005597DE /* Info.plist */,
			);
			path = "Tree of Life ChurchUITests";
			sourceTree = "<group>";
		};
/* End PBXGroup section */

/* Begin PBXNativeTarget section */
		7A4061C71FAD094C005597DE /* Tree of Life Church */ = {
			isa = PBXNativeTarget;
			buildConfigurationList = 7A4061F01FAD094D005597DE /* Build configuration list for PBXNativeTarget "Tree of Life Church" */;
			buildPhases = (
				7A4061C41FAD094C005597DE /* Sources */,
				7A4061C51FAD094C005597DE /* Frameworks */,
				7A4061C61FAD094C005597DE /* Resources */,
			);
			buildRules = (
			);
			dependencies = (
			);
			name = "Tree of Life Church";
			productName = "Tree of Life Church";
			productReference = 7A4061C81FAD094C005597DE /* Tree of Life Church.app */;
			productType = "com.apple.product-type.application";
		};
		7A4061DB1FAD094D005597DE /* Tree of Life ChurchTests */ = {
			isa = PBXNativeTarget;
			buildConfigurationList = 7A4061F31FAD094D005597DE /* Build configuration list for PBXNativeTarget "Tree of Life ChurchTests" */;
			buildPhases = (
				7A4061D81FAD094D005597DE /* Sources */,
				7A4061D91FAD094D005597DE /* Frameworks */,
				7A4061DA1FAD094D005597DE /* Resources */,
			);
			buildRules = (
			);
			dependencies = (
				7A4061DE1FAD094D005597DE /* PBXTargetDependency */,
			);
			name = "Tree of Life ChurchTests";
			productName = "Tree of Life ChurchTests";
			productReference = 7A4061DC1FAD094D005597DE /* Tree of Life ChurchTests.xctest */;
			productType = "com.apple.product-type.bundle.unit-test";
		};
		7A4061E61FAD094D005597DE /* Tree of Life ChurchUITests */ = {
			isa = PBXNativeTarget;
			buildConfigurationList = 7A4061F61FAD094D005597DE /* Build configuration list for PBXNativeTarget "Tree of Life ChurchUITests" */;
			buildPhases = (
				7A4061E31FAD094D005597DE /* Sources */,
				7A4061E41FAD094D005597DE /* Frameworks */,
				7A4061E51FAD094D005597DE /* Resources */,
			);
			buildRules = (
			);
			dependencies = (
				7A4061E91FAD094D005597DE /* PBXTargetDependency */,
			);
			name = "Tree of Life ChurchUITests";
			productName = "Tree of Life ChurchUITests";
			productReference = 7A4061E71FAD094D005597DE /* Tree of Life ChurchUITests.xctest */;
			productType = "com.apple.product-type.bundle.ui-testing";
		};
/* End PBXNativeTarget section */

/* Begin PBXProject section */
		7A4061C01FAD094C005597DE /* Project object */ = {
			isa = PBXProject;
			attributes = {
				LastSwiftUpdateCheck = 0900;
				LastUpgradeCheck = 0900;
				ORGANIZATIONNAME = "Dowon Lee";
				TargetAttributes = {
					7A4061C71FAD094C005597DE = {
						CreatedOnToolsVersion = 9.0;
						ProvisioningStyle = Automatic;
					};
					7A4061DB1FAD094D005597DE = {
						CreatedOnToolsVersion = 9.0;
						ProvisioningStyle = Automatic;
						TestTargetID = 7A4061C71FAD094C005597DE;
					};
					7A4061E61FAD094D005597DE = {
						CreatedOnToolsVersion = 9.0;
						ProvisioningStyle = Automatic;
						TestTargetID = 7A4061C71FAD094C005597DE;
					};
				};
			};
			buildConfigurationList = 7A4061C31FAD094C005597DE /* Build configuration list for PBXProject "Tree of Life Church" */;
			compatibilityVersion = "Xcode 8.0";
			developmentRegion = en;
			hasScannedForEncodings = 0;
			knownRegions = (
				en,
				Base,
			);
			mainGroup = 7A4061BF1FAD094C005597DE;
			productRefGroup = 7A4061C91FAD094C005597DE /* Products */;
			projectDirPath = "";
			projectRoot = "";
			targets = (
				7A4061C71FAD094C005597DE /* Tree of Life Church */,
				7A4061DB1FAD094D005597DE /* Tree of Life ChurchTests */,
				7A4061E61FAD094D005597DE /* Tree of Life ChurchUITests */,
			);
		};
/* End PBXProject section */

/* Begin PBXResourcesBuildPhase section */
		7A4061C61FAD094C005597DE /* Resources */ = {
			isa = PBXResourcesBuildPhase;
			buildActionMask = 2147483647;
			files = (
				7A4061D61FAD094C005597DE /* LaunchScreen.storyboard in Resources */,
				7A4061D31FAD094C005597DE /* Assets.xcassets in Resources */,
				7A4061D11FAD094C005597DE /* Main.storyboard in Resources */,
			);
			runOnlyForDeploymentPostprocessing = 0;
		};
		7A4061DA1FAD094D005597DE /* Resources */ = {
			isa = PBXResourcesBuildPhase;
			buildActionMask = 2147483647;
			files = (
			);
			runOnlyForDeploymentPostprocessing = 0;
		};
		7A4061E51FAD094D005597DE /* Resources */ = {
			isa = PBXResourcesBuildPhase;
			buildActionMask = 2147483647;
			files = (
			);
			runOnlyForDeploymentPostprocessing = 0;
		};
/* End PBXResourcesBuildPhase section */

/* Begin PBXSourcesBuildPhase section */
		7A4061C41FAD094C005597DE /* Sources */ = {
			isa = PBXSourcesBuildPhase;
			buildActionMask = 2147483647;
			files = (
				7A4061CE1FAD094C005597DE /* ViewController.swift in Sources */,
				7A4061CC1FAD094C005597DE /* AppDelegate.swift in Sources */,
			);
			runOnlyForDeploymentPostprocessing = 0;
		};
		7A4061D81FAD094D005597DE /* Sources */ = {
			isa = PBXSourcesBuildPhase;
			buildActionMask = 2147483647;
			files = (
				7A4061E11FAD094D005597DE /* Tree_of_Life_ChurchTests.swift in Sources */,
			);
			runOnlyForDeploymentPostprocessing = 0;
		};
		7A4061E31FAD094D005597DE /* Sources */ = {
			isa = PBXSourcesBuildPhase;
			buildActionMask = 2147483647;
			files = (
				7A4061EC1FAD094D005597DE /* Tree_of_Life_ChurchUITests.swift in Sources */,
			);
			runOnlyForDeploymentPostprocessing = 0;
		};
/* End PBXSourcesBuildPhase section */

/* Begin PBXTargetDependency section */
		7A4061DE1FAD094D005597DE /* PBXTargetDependency */ = {
			isa = PBXTargetDependency;
			target = 7A4061C71FAD094C005597DE /* Tree of Life Church */;
			targetProxy = 7A4061DD1FAD094D005597DE /* PBXContainerItemProxy */;
		};
		7A4061E91FAD094D005597DE /* PBXTargetDependency */ = {
			isa = PBXTargetDependency;
			target = 7A4061C71FAD094C005597DE /* Tree of Life Church */;
			targetProxy = 7A4061E81FAD094D005597DE /* PBXContainerItemProxy */;
		};
/* End PBXTargetDependency section */

/* Begin PBXVariantGroup section */
		7A4061CF1FAD094C005597DE /* Main.storyboard */ = {
			isa = PBXVariantGroup;
			children = (
				7A4061D01FAD094C005597DE /* Base */,
			);
			name = Main.storyboard;
			sourceTree = "<group>";
		};
		7A4061D41FAD094C005597DE /* LaunchScreen.storyboard */ = {
			isa = PBXVariantGroup;
			children = (
				7A4061D51FAD094C005597DE /* Base */,
			);
			name = LaunchScreen.storyboard;
			sourceTree = "<group>";
		};
/* End PBXVariantGroup section */

/* Begin XCBuildConfiguration section */
		7A4061EE1FAD094D005597DE /* Debug */ = {
			isa = XCBuildConfiguration;
			buildSettings = {
				ALWAYS_SEARCH_USER_PATHS = NO;
				CLANG_ANALYZER_NONNULL = YES;
				CLANG_ANALYZER_NUMBER_OBJECT_CONVERSION = YES_AGGRESSIVE;
				CLANG_CXX_LANGUAGE_STANDARD = "gnu++14";
				CLANG_CXX_LIBRARY = "libc++";
				CLANG_ENABLE_MODULES = YES;
				CLANG_ENABLE_OBJC_ARC = YES;
				CLANG_WARN_BLOCK_CAPTURE_AUTORELEASING = YES;
				CLANG_WARN_BOOL_CONVERSION = YES;
				CLANG_WARN_COMMA = YES;
				CLANG_WARN_CONSTANT_CONVERSION = YES;
				CLANG_WARN_DIRECT_OBJC_ISA_USAGE = YES_ERROR;
				CLANG_WARN_DOCUMENTATION_COMMENTS = YES;
				CLANG_WARN_EMPTY_BODY = YES;
				CLANG_WARN_ENUM_CONVERSION = YES;
				CLANG_WARN_INFINITE_RECURSION = YES;
				CLANG_WARN_INT_CONVERSION = YES;
				CLANG_WARN_NON_LITERAL_NULL_CONVERSION = YES;
				CLANG_WARN_OBJC_LITERAL_CONVERSION = YES;
				CLANG_WARN_OBJC_ROOT_CLASS = YES_ERROR;
				CLANG_WARN_RANGE_LOOP_ANALYSIS = YES;
				CLANG_WARN_STRICT_PROTOTYPES = YES;
				CLANG_WARN_SUSPICIOUS_MOVE = YES;
				CLANG_WARN_UNGUARDED_AVAILABILITY = YES_AGGRESSIVE;
				CLANG_WARN_UNREACHABLE_CODE = YES;
				CLANG_WARN__DUPLICATE_METHOD_MATCH = YES;
				CODE_SIGN_IDENTITY = "iPhone Developer";
				COPY_PHASE_STRIP = NO;
				DEBUG_INFORMATION_FORMAT = dwarf;
				ENABLE_STRICT_OBJC_MSGSEND = YES;
				ENABLE_TESTABILITY = YES;
				GCC_C_LANGUAGE_STANDARD = gnu11;
				GCC_DYNAMIC_NO_PIC = NO;
				GCC_NO_COMMON_BLOCKS = YES;
				GCC_OPTIMIZATION_LEVEL = 0;
				GCC_PREPROCESSOR_DEFINITIONS = (
					"DEBUG=1",
					"$(inherited)",
				);
				GCC_WARN_64_TO_32_BIT_CONVERSION = YES;
				GCC_WARN_ABOUT_RETURN_TYPE = YES_ERROR;
				GCC_WARN_UNDECLARED_SELECTOR = YES;
				GCC_WARN_UNINITIALIZED_AUTOS = YES_AGGRESSIVE;
				GCC_WARN_UNUSED_FUNCTION = YES;
				GCC_WARN_UNUSED_VARIABLE = YES;
				IPHONEOS_DEPLOYMENT_TARGET = 11.0;
				MTL_ENABLE_DEBUG_INFO = YES;
				ONLY_ACTIVE_ARCH = YES;
				SDKROOT = iphoneos;
				SWIFT_ACTIVE_COMPILATION_CONDITIONS = DEBUG;
				SWIFT_OPTIMIZATION_LEVEL = "-Onone";
			};
			name = Debug;
		};
		7A4061EF1FAD094D005597DE /* Release */ = {
			isa = XCBuildConfiguration;
			buildSettings = {
				ALWAYS_SEARCH_USER_PATHS = NO;
				CLANG_ANALYZER_NONNULL = YES;
				CLANG_ANALYZER_NUMBER_OBJECT_CONVERSION = YES_AGGRESSIVE;
				CLANG_CXX_LANGUAGE_STANDARD = "gnu++14";
				CLANG_CXX_LIBRARY = "libc++";
				CLANG_ENABLE_MODULES = YES;
				CLANG_ENABLE_OBJC_ARC = YES;
				CLANG_WARN_BLOCK_CAPTURE_AUTORELEASING = YES;
				CLANG_WARN_BOOL_CONVERSION = YES;
				CLANG_WARN_COMMA = YES;
				CLANG_WARN_CONSTANT_CONVERSION = YES;
				CLANG_WARN_DIRECT_OBJC_ISA_USAGE = YES_ERROR;
				CLANG_WARN_DOCUMENTATION_COMMENTS = YES;
				CLANG_WARN_EMPTY_BODY = YES;
				CLANG_WARN_ENUM_CONVERSION = YES;
				CLANG_WARN_INFINITE_RECURSION = YES;
				CLANG_WARN_INT_CONVERSION = YES;
				CLANG_WARN_NON_LITERAL_NULL_CONVERSION = YES;
				CLANG_WARN_OBJC_LITERAL_CONVERSION = YES;
				CLANG_WARN_OBJC_ROOT_CLASS = YES_ERROR;
				CLANG_WARN_RANGE_LOOP_ANALYSIS = YES;
				CLANG_WARN_STRICT_PROTOTYPES = YES;
				CLANG_WARN_SUSPICIOUS_MOVE = YES;
				CLANG_WARN_UNGUARDED_AVAILABILITY = YES_AGGRESSIVE;
				CLANG_WARN_UNREACHABLE_CODE = YES;
				CLANG_WARN__DUPLICATE_METHOD_MATCH = YES;
				CODE_SIGN_IDENTITY = "iPhone Developer";
				COPY_PHASE_STRIP = NO;
				DEBUG_INFORMATION_FORMAT = "dwarf-with-dsym";
				ENABLE_NS_ASSERTIONS = NO;
				ENABLE_STRICT_OBJC_MSGSEND = YES;
				GCC_C_LANGUAGE_STANDARD = gnu11;
				GCC_NO_COMMON_BLOCKS = YES;
				GCC_WARN_64_TO_32_BIT_CONVERSION = YES;
				GCC_WARN_ABOUT_RETURN_TYPE = YES_ERROR;
				GCC_WARN_UNDECLARED_SELECTOR = YES;
				GCC_WARN_UNINITIALIZED_AUTOS = YES_AGGRESSIVE;
				GCC_WARN_UNUSED_FUNCTION = YES;
				GCC_WARN_UNUSED_VARIABLE = YES;
				IPHONEOS_DEPLOYMENT_TARGET = 11.0;
				MTL_ENABLE_DEBUG_INFO = NO;
				SDKROOT = iphoneos;
				SWIFT_OPTIMIZATION_LEVEL = "-Owholemodule";
				VALIDATE_PRODUCT = YES;
			};
			name = Release;
		};
		7A4061F11FAD094D005597DE /* Debug */ = {
			isa = XCBuildConfiguration;
			buildSettings = {
				ASSETCATALOG_COMPILER_APPICON_NAME = AppIcon;
				CODE_SIGN_STYLE = Automatic;
				DEVELOPMENT_TEAM = 3MCT36F6J9;
				INFOPLIST_FILE = "Tree of Life Church/Info.plist";
				LD_RUNPATH_SEARCH_PATHS = "$(inherited) @executable_path/Frameworks";
				PRODUCT_BUNDLE_IDENTIFIER = "com.DowonLee.Tree-of-Life-Church";
				PRODUCT_NAME = "$(TARGET_NAME)";
				SWIFT_VERSION = 4.0;
				TARGETED_DEVICE_FAMILY = 1;
			};
			name = Debug;
		};
		7A4061F21FAD094D005597DE /* Release */ = {
			isa = XCBuildConfiguration;
			buildSettings = {
				ASSETCATALOG_COMPILER_APPICON_NAME = AppIcon;
				CODE_SIGN_STYLE = Automatic;
				DEVELOPMENT_TEAM = 3MCT36F6J9;
				INFOPLIST_FILE = "Tree of Life Church/Info.plist";
				LD_RUNPATH_SEARCH_PATHS = "$(inherited) @executable_path/Frameworks";
				PRODUCT_BUNDLE_IDENTIFIER = "com.DowonLee.Tree-of-Life-Church";
				PRODUCT_NAME = "$(TARGET_NAME)";
				SWIFT_VERSION = 4.0;
				TARGETED_DEVICE_FAMILY = 1;
			};
			name = Release;
		};
		7A4061F41FAD094D005597DE /* Debug */ = {
			isa = XCBuildConfiguration;
			buildSettings = {
				ALWAYS_EMBED_SWIFT_STANDARD_LIBRARIES = YES;
				BUNDLE_LOADER = "$(TEST_HOST)";
				CODE_SIGN_STYLE = Automatic;
				DEVELOPMENT_TEAM = 3MCT36F6J9;
				INFOPLIST_FILE = "Tree of Life ChurchTests/Info.plist";
				LD_RUNPATH_SEARCH_PATHS = "$(inherited) @executable_path/Frameworks @loader_path/Frameworks";
				PRODUCT_BUNDLE_IDENTIFIER = "com.DowonLee.Tree-of-Life-ChurchTests";
				PRODUCT_NAME = "$(TARGET_NAME)";
				SWIFT_VERSION = 4.0;
				TARGETED_DEVICE_FAMILY = "1,2";
				TEST_HOST = "$(BUILT_PRODUCTS_DIR)/Tree of Life Church.app/Tree of Life Church";
			};
			name = Debug;
		};
		7A4061F51FAD094D005597DE /* Release */ = {
			isa = XCBuildConfiguration;
			buildSettings = {
				ALWAYS_EMBED_SWIFT_STANDARD_LIBRARIES = YES;
				BUNDLE_LOADER = "$(TEST_HOST)";
				CODE_SIGN_STYLE = Automatic;
				DEVELOPMENT_TEAM = 3MCT36F6J9;
				INFOPLIST_FILE = "Tree of Life ChurchTests/Info.plist";
				LD_RUNPATH_SEARCH_PATHS = "$(inherited) @executable_path/Frameworks @loader_path/Frameworks";
				PRODUCT_BUNDLE_IDENTIFIER = "com.DowonLee.Tree-of-Life-ChurchTests";
				PRODUCT_NAME = "$(TARGET_NAME)";
				SWIFT_VERSION = 4.0;
				TARGETED_DEVICE_FAMILY = "1,2";
				TEST_HOST = "$(BUILT_PRODUCTS_DIR)/Tree of Life Church.app/Tree of Life Church";
			};
			name = Release;
		};
		7A4061F71FAD094D005597DE /* Debug */ = {
			isa = XCBuildConfiguration;
			buildSettings = {
				ALWAYS_EMBED_SWIFT_STANDARD_LIBRARIES = YES;
				CODE_SIGN_STYLE = Automatic;
				DEVELOPMENT_TEAM = 3MCT36F6J9;
				INFOPLIST_FILE = "Tree of Life ChurchUITests/Info.plist";
				LD_RUNPATH_SEARCH_PATHS = "$(inherited) @executable_path/Frameworks @loader_path/Frameworks";
				PRODUCT_BUNDLE_IDENTIFIER = "com.DowonLee.Tree-of-Life-ChurchUITests";
				PRODUCT_NAME = "$(TARGET_NAME)";
				SWIFT_VERSION = 4.0;
				TARGETED_DEVICE_FAMILY = "1,2";
				TEST_TARGET_NAME = "Tree of Life Church";
			};
			name = Debug;
		};
		7A4061F81FAD094D005597DE /* Release */ = {
			isa = XCBuildConfiguration;
			buildSettings = {
				ALWAYS_EMBED_SWIFT_STANDARD_LIBRARIES = YES;
				CODE_SIGN_STYLE = Automatic;
				DEVELOPMENT_TEAM = 3MCT36F6J9;
				INFOPLIST_FILE = "Tree of Life ChurchUITests/Info.plist";
				LD_RUNPATH_SEARCH_PATHS = "$(inherited) @executable_path/Frameworks @loader_path/Frameworks";
				PRODUCT_BUNDLE_IDENTIFIER = "com.DowonLee.Tree-of-Life-ChurchUITests";
				PRODUCT_NAME = "$(TARGET_NAME)";
				SWIFT_VERSION = 4.0;
				TARGETED_DEVICE_FAMILY = "1,2";
				TEST_TARGET_NAME = "Tree of Life Church";
			};
			name = Release;
		};
/* End XCBuildConfiguration section */

/* Begin XCConfigurationList section */
		7A4061C31FAD094C005597DE /* Build configuration list for PBXProject "Tree of Life Church" */ = {
			isa = XCConfigurationList;
			buildConfigurations = (
				7A4061EE1FAD094D005597DE /* Debug */,
				7A4061EF1FAD094D005597DE /* Release */,
			);
			defaultConfigurationIsVisible = 0;
			defaultConfigurationName = Release;
		};
		7A4061F01FAD094D005597DE /* Build configuration list for PBXNativeTarget "Tree of Life Church" */ = {
			isa = XCConfigurationList;
			buildConfigurations = (
				7A4061F11FAD094D005597DE /* Debug */,
				7A4061F21FAD094D005597DE /* Release */,
			);
			defaultConfigurationIsVisible = 0;
			defaultConfigurationName = Release;
		};
		7A4061F31FAD094D005597DE /* Build configuration list for PBXNativeTarget "Tree of Life ChurchTests" */ = {
			isa = XCConfigurationList;
			buildConfigurations = (
				7A4061F41FAD094D005597DE /* Debug */,
				7A4061F51FAD094D005597DE /* Release */,
			);
			defaultConfigurationIsVisible = 0;
			defaultConfigurationName = Release;
		};
		7A4061F61FAD094D005597DE /* Build configuration list for PBXNativeTarget "Tree of Life ChurchUITests" */ = {
			isa = XCConfigurationList;
			buildConfigurations = (
				7A4061F71FAD094D005597DE /* Debug */,
				7A4061F81FAD094D005597DE /* Release */,
			);
			defaultConfigurationIsVisible = 0;
			defaultConfigurationName = Release;
		};
/* End XCConfigurationList section */
	};
	rootObject = 7A4061C01FAD094C005597DE /* Project object */;
}
